github.com/davecgh/go-spew v1.1.2-0.20180830191138-d8f796af33cc h1:U9qPSI2PIWSS1VwoXQT9A3Wy9MM3WgvqSxFWenqJduM=
github.com/davecgh/go-spew v1.1.2-0.20180830191138-d8f796af33cc/go.mod h1:J7Y8YcW2NihsgmVo/mv3lAwl/skON4iLHjSsI+c5H38=
github.com/go-gl/glfw/v3.3/glfw v0.0.0-20250301202403-da16c1255728 h1:RkGhqHxEVAvPM0/R+8g7XRwQnHatO0KAuVcwHo8q9W8=
github.com/go-gl/glfw/v3.3/glfw v0.0.0-20250301202403-da16c1255728/go.mod h1:SyRD8YfuKk+ZXlDqYiqe1qMSqjNgtHzBTG810KUagMc=
github.com/goki/vulkan v1.0.8 h1:yx7GPP3wZOFeJ25wEneHk08fOSlUz/wxHBBCiCB1G18=
github.com/goki/vulkan v1.0.8/go.mod h1:xPwQgSdRep28xG1Tn4yysNGFORyCsAZcf9DcljIxGRs=
github.com/pmezard/go-difflib v1.0.1-0.20181226105442-5d4384ee4fb2 h1:Jamvg5psRIccs7FGNTlIRMkT8wgtp5eCXdBlqhYGL6U=
github.com/pmezard/go-difflib v1.0.1-0.20181226105442-5d4384ee4fb2/go.mod h1:iKH77koFhYxTK1pcRnkKkqfTogsbg7gZNVY4sRDYZ/4=
github.com/stretchr/testify v1.10.0 h1:Xv5erBjTwe/5IxqUQTdXv5kgmIvbHo3QQyRwhJsOfJA=
github.com/stretchr/testify v1.10.0/go.mod h1:r2ic/lqez/lEtzL7wO/rwa5dbSLXVDPFyf8C91i36aY=
github.com/tomas-mraz/android-go v0.0.0-20250627151457-1b5ffaa496d6 h1:8Swp/b3DStjs0XTNpe13fvV6All+Gpn5TCOVtJ/e1fc=
github.com/tomas-mraz/android-go v0.0.0-20250627151457-1b5ffaa496d6/go.mod h1:XGCKqHZSMzQV9Cbt6mLgM2fq8Z0zvg7Q5JJuEp7s11U=
github.com/xlab/catcher v1.3.1 h1:rjicTu6PPIuRzWb6cnWUzkDOifVjvNJyOHKdgCuNlMM=
github.com/xlab/catcher v1.3.1/go.mod h1:gAD6g/o7CG7I8QiGgJ6sCePI7DSG39hjCYfG/d7Ca8M=
github.com/xlab/closer v1.1.0 h1:yrDiOXjd/B7pZ3lZkl/EZ1gWrR2M2N5XpBnixynm4mc=
github.com/xlab/closer v1.1.0/go.mod h1:Ff8YcUPbn5jju6nClrMCmJHQABM0S/obEK0za/1yVMk=
github.com/xlab/linmath v0.0.0-20220922225318-40b6290c3b40 h1:FmU7+0eD5GaZzxlbNxVMiC7th7/7qHtskrkWt0ltFkU=
github.com/xlab/linmath v0.0.0-20220922225318-40b6290c3b40/go.mod h1:W1rLjlRa7JX2fcoZ4tb3ZkxuwI6pEX/JkDLPxe1/R1g=
gopkg.in/yaml.v3 v3.0.1 h1:fxVm/GzAzEWqLHuvctI91KS9hhNmmWOoWu0XTYJS7CA=
gopkg.in/yaml.v3 v3.0.1/go.mod h1:K4uyk7z7BCEPqu6E+C64Yfv1cQ7kz7rIZviUmN+EgEM=
